{
  "pins" : [
    {
      "identity" : "swiftsoup",
      "kind" : "remoteSourceControl",
      "location" : "https://github.com/scinfu/SwiftSoup.git",
      "state" : {
        "revision" : "8240caea48199b2898d3a94836785b077244005a",
        "version" : "2.9.4"
      }
    }
  ],
  "version" : 2
}
